// !$*UTF8*$!
{
	archiveVersion = 1;
	classes = {
	};
	objectVersion = 46;
	objects = {

/* Begin PBXBuildFile section */
		5CA3D18B1831DF51006C7932 /* Foundation.framework in Frameworks */ = {isa = PBXBuildFile; fileRef = 5CA3D18A1831DF51006C7932 /* Foundation.framework */; };
		5CA3D18D1831DF51006C7932 /* CoreGraphics.framework in Frameworks */ = {isa = PBXBuildFile; fileRef = 5CA3D18C1831DF51006C7932 /* CoreGraphics.framework */; };
		5CA3D18F1831DF51006C7932 /* UIKit.framework in Frameworks */ = {isa = PBXBuildFile; fileRef = 5CA3D18E1831DF51006C7932 /* UIKit.framework */; };
		5CA3D1951831DF51006C7932 /* InfoPlist.strings in Resources */ = {isa = PBXBuildFile; fileRef = 5CA3D1931831DF51006C7932 /* InfoPlist.strings */; };
		5CA3D1971831DF51006C7932 /* main.m in Sources */ = {isa = PBXBuildFile; fileRef = 5CA3D1961831DF51006C7932 /* main.m */; };
		5CA3D19B1831DF51006C7932 /* AppDelegate.m in Sources */ = {isa = PBXBuildFile; fileRef = 5CA3D19A1831DF51006C7932 /* AppDelegate.m */; };
		5CA3D19E1831DF51006C7932 /* Main.storyboard in Resources */ = {isa = PBXBuildFile; fileRef = 5CA3D19C1831DF51006C7932 /* Main.storyboard */; };
		5CA3D1A11831DF51006C7932 /* FirstViewController.m in Sources */ = {isa = PBXBuildFile; fileRef = 5CA3D1A01831DF51006C7932 /* FirstViewController.m */; };
		5CA3D1A61831DF51006C7932 /* Images.xcassets in Resources */ = {isa = PBXBuildFile; fileRef = 5CA3D1A51831DF51006C7932 /* Images.xcassets */; };
		5CA3D1AD1831DF51006C7932 /* XCTest.framework in Frameworks */ = {isa = PBXBuildFile; fileRef = 5CA3D1AC1831DF51006C7932 /* XCTest.framework */; };
		5CA3D1AE1831DF51006C7932 /* Foundation.framework in Frameworks */ = {isa = PBXBuildFile; fileRef = 5CA3D18A1831DF51006C7932 /* Foundation.framework */; };
		5CA3D1AF1831DF51006C7932 /* UIKit.framework in Frameworks */ = {isa = PBXBuildFile; fileRef = 5CA3D18E1831DF51006C7932 /* UIKit.framework */; };
		5CA3D1B71831DF51006C7932 /* InfoPlist.strings in Resources */ = {isa = PBXBuildFile; fileRef = 5CA3D1B51831DF51006C7932 /* InfoPlist.strings */; };
		5CA3D1B91831DF51006C7932 /* IconicTests.m in Sources */ = {isa = PBXBuildFile; fileRef = 5CA3D1B81831DF51006C7932 /* IconicTests.m */; };
		5CA3D1C31831DFCE006C7932 /* Parse.framework in Frameworks */ = {isa = PBXBuildFile; fileRef = 5CA3D1C21831DFCE006C7932 /* Parse.framework */; };
		5CA3D1C51831E004006C7932 /* AudioToolbox.framework in Frameworks */ = {isa = PBXBuildFile; fileRef = 5CA3D1C41831E004006C7932 /* AudioToolbox.framework */; };
		5CA3D1C71831E00E006C7932 /* CFNetwork.framework in Frameworks */ = {isa = PBXBuildFile; fileRef = 5CA3D1C61831E00E006C7932 /* CFNetwork.framework */; };
		5CA3D1C91831E025006C7932 /* CoreLocation.framework in Frameworks */ = {isa = PBXBuildFile; fileRef = 5CA3D1C81831E025006C7932 /* CoreLocation.framework */; };
		5CA3D1CB1831E02F006C7932 /* libz.1.1.3.dylib in Frameworks */ = {isa = PBXBuildFile; fileRef = 5CA3D1CA1831E02F006C7932 /* libz.1.1.3.dylib */; };
		5CA3D1CD1831E039006C7932 /* MobileCoreServices.framework in Frameworks */ = {isa = PBXBuildFile; fileRef = 5CA3D1CC1831E039006C7932 /* MobileCoreServices.framework */; };
		5CA3D1CF1831E045006C7932 /* QuartzCore.framework in Frameworks */ = {isa = PBXBuildFile; fileRef = 5CA3D1CE1831E045006C7932 /* QuartzCore.framework */; };
		5CA3D1D11831E04C006C7932 /* Security.framework in Frameworks */ = {isa = PBXBuildFile; fileRef = 5CA3D1D01831E04C006C7932 /* Security.framework */; };
		5CA3D1D31831E054006C7932 /* StoreKit.framework in Frameworks */ = {isa = PBXBuildFile; fileRef = 5CA3D1D21831E054006C7932 /* StoreKit.framework */; };
		5CA3D1D51831E05D006C7932 /* SystemConfiguration.framework in Frameworks */ = {isa = PBXBuildFile; fileRef = 5CA3D1D41831E05D006C7932 /* SystemConfiguration.framework */; };
		5CA3D1E71832F9D1006C7932 /* LogInViewController.m in Sources */ = {isa = PBXBuildFile; fileRef = 5CA3D1E61832F9D1006C7932 /* LogInViewController.m */; };
		5CA3D1EB18333D14006C7932 /* FacebookSDK.framework in Frameworks */ = {isa = PBXBuildFile; fileRef = 5CA3D1EA18333D14006C7932 /* FacebookSDK.framework */; };
		5CFB1EB71834355C0026AEB4 /* ScheduleViewController.m in Sources */ = {isa = PBXBuildFile; fileRef = 5CFB1EB61834355C0026AEB4 /* ScheduleViewController.m */; };
		5CFB1EBA1834381C0026AEB4 /* ScheduleGenerator.m in Sources */ = {isa = PBXBuildFile; fileRef = 5CFB1EB91834381C0026AEB4 /* ScheduleGenerator.m */; };
/* End PBXBuildFile section */

/* Begin PBXContainerItemProxy section */
		5CA3D1B01831DF51006C7932 /* PBXContainerItemProxy */ = {
			isa = PBXContainerItemProxy;
			containerPortal = 5CA3D17F1831DF51006C7932 /* Project object */;
			proxyType = 1;
			remoteGlobalIDString = 5CA3D1861831DF51006C7932;
			remoteInfo = Iconic;
		};
/* End PBXContainerItemProxy section */

/* Begin PBXFileReference section */
		5CA3D1871831DF51006C7932 /* Iconic.app */ = {isa = PBXFileReference; explicitFileType = wrapper.application; includeInIndex = 0; path = Iconic.app; sourceTree = BUILT_PRODUCTS_DIR; };
		5CA3D18A1831DF51006C7932 /* Foundation.framework */ = {isa = PBXFileReference; lastKnownFileType = wrapper.framework; name = Foundation.framework; path = System/Library/Frameworks/Foundation.framework; sourceTree = SDKROOT; };
		5CA3D18C1831DF51006C7932 /* CoreGraphics.framework */ = {isa = PBXFileReference; lastKnownFileType = wrapper.framework; name = CoreGraphics.framework; path = System/Library/Frameworks/CoreGraphics.framework; sourceTree = SDKROOT; };
		5CA3D18E1831DF51006C7932 /* UIKit.framework */ = {isa = PBXFileReference; lastKnownFileType = wrapper.framework; name = UIKit.framework; path = System/Library/Frameworks/UIKit.framework; sourceTree = SDKROOT; };
		5CA3D1921831DF51006C7932 /* Iconic-Info.plist */ = {isa = PBXFileReference; lastKnownFileType = text.plist.xml; path = "Iconic-Info.plist"; sourceTree = "<group>"; };
		5CA3D1941831DF51006C7932 /* en */ = {isa = PBXFileReference; lastKnownFileType = text.plist.strings; name = en; path = en.lproj/InfoPlist.strings; sourceTree = "<group>"; };
		5CA3D1961831DF51006C7932 /* main.m */ = {isa = PBXFileReference; lastKnownFileType = sourcecode.c.objc; path = main.m; sourceTree = "<group>"; };
		5CA3D1981831DF51006C7932 /* Iconic-Prefix.pch */ = {isa = PBXFileReference; lastKnownFileType = sourcecode.c.h; path = "Iconic-Prefix.pch"; sourceTree = "<group>"; };
		5CA3D1991831DF51006C7932 /* AppDelegate.h */ = {isa = PBXFileReference; lastKnownFileType = sourcecode.c.h; path = AppDelegate.h; sourceTree = "<group>"; };
		5CA3D19A1831DF51006C7932 /* AppDelegate.m */ = {isa = PBXFileReference; lastKnownFileType = sourcecode.c.objc; path = AppDelegate.m; sourceTree = "<group>"; };
		5CA3D19D1831DF51006C7932 /* Base */ = {isa = PBXFileReference; lastKnownFileType = file.storyboard; name = Base; path = Base.lproj/Main.storyboard; sourceTree = "<group>"; };
		5CA3D19F1831DF51006C7932 /* FirstViewController.h */ = {isa = PBXFileReference; lastKnownFileType = sourcecode.c.h; path = FirstViewController.h; sourceTree = "<group>"; };
		5CA3D1A01831DF51006C7932 /* FirstViewController.m */ = {isa = PBXFileReference; lastKnownFileType = sourcecode.c.objc; path = FirstViewController.m; sourceTree = "<group>"; };
		5CA3D1A51831DF51006C7932 /* Images.xcassets */ = {isa = PBXFileReference; lastKnownFileType = folder.assetcatalog; path = Images.xcassets; sourceTree = "<group>"; };
		5CA3D1AB1831DF51006C7932 /* IconicTests.xctest */ = {isa = PBXFileReference; explicitFileType = wrapper.cfbundle; includeInIndex = 0; path = IconicTests.xctest; sourceTree = BUILT_PRODUCTS_DIR; };
		5CA3D1AC1831DF51006C7932 /* XCTest.framework */ = {isa = PBXFileReference; lastKnownFileType = wrapper.framework; name = XCTest.framework; path = Library/Frameworks/XCTest.framework; sourceTree = DEVELOPER_DIR; };
		5CA3D1B41831DF51006C7932 /* IconicTests-Info.plist */ = {isa = PBXFileReference; lastKnownFileType = text.plist.xml; path = "IconicTests-Info.plist"; sourceTree = "<group>"; };
		5CA3D1B61831DF51006C7932 /* en */ = {isa = PBXFileReference; lastKnownFileType = text.plist.strings; name = en; path = en.lproj/InfoPlist.strings; sourceTree = "<group>"; };
		5CA3D1B81831DF51006C7932 /* IconicTests.m */ = {isa = PBXFileReference; lastKnownFileType = sourcecode.c.objc; path = IconicTests.m; sourceTree = "<group>"; };
		5CA3D1C21831DFCE006C7932 /* Parse.framework */ = {isa = PBXFileReference; lastKnownFileType = wrapper.framework; path = Parse.framework; sourceTree = "<group>"; };
		5CA3D1C41831E004006C7932 /* AudioToolbox.framework */ = {isa = PBXFileReference; lastKnownFileType = wrapper.framework; name = AudioToolbox.framework; path = System/Library/Frameworks/AudioToolbox.framework; sourceTree = SDKROOT; };
		5CA3D1C61831E00E006C7932 /* CFNetwork.framework */ = {isa = PBXFileReference; lastKnownFileType = wrapper.framework; name = CFNetwork.framework; path = System/Library/Frameworks/CFNetwork.framework; sourceTree = SDKROOT; };
		5CA3D1C81831E025006C7932 /* CoreLocation.framework */ = {isa = PBXFileReference; lastKnownFileType = wrapper.framework; name = CoreLocation.framework; path = System/Library/Frameworks/CoreLocation.framework; sourceTree = SDKROOT; };
		5CA3D1CA1831E02F006C7932 /* libz.1.1.3.dylib */ = {isa = PBXFileReference; lastKnownFileType = "compiled.mach-o.dylib"; name = libz.1.1.3.dylib; path = usr/lib/libz.1.1.3.dylib; sourceTree = SDKROOT; };
		5CA3D1CC1831E039006C7932 /* MobileCoreServices.framework */ = {isa = PBXFileReference; lastKnownFileType = wrapper.framework; name = MobileCoreServices.framework; path = System/Library/Frameworks/MobileCoreServices.framework; sourceTree = SDKROOT; };
		5CA3D1CE1831E045006C7932 /* QuartzCore.framework */ = {isa = PBXFileReference; lastKnownFileType = wrapper.framework; name = QuartzCore.framework; path = System/Library/Frameworks/QuartzCore.framework; sourceTree = SDKROOT; };
		5CA3D1D01831E04C006C7932 /* Security.framework */ = {isa = PBXFileReference; lastKnownFileType = wrapper.framework; name = Security.framework; path = System/Library/Frameworks/Security.framework; sourceTree = SDKROOT; };
		5CA3D1D21831E054006C7932 /* StoreKit.framework */ = {isa = PBXFileReference; lastKnownFileType = wrapper.framework; name = StoreKit.framework; path = System/Library/Frameworks/StoreKit.framework; sourceTree = SDKROOT; };
		5CA3D1D41831E05D006C7932 /* SystemConfiguration.framework */ = {isa = PBXFileReference; lastKnownFileType = wrapper.framework; name = SystemConfiguration.framework; path = System/Library/Frameworks/SystemConfiguration.framework; sourceTree = SDKROOT; };
		5CA3D1E51832F9D1006C7932 /* LogInViewController.h */ = {isa = PBXFileReference; fileEncoding = 4; lastKnownFileType = sourcecode.c.h; name = LogInViewController.h; path = ../LogInViewController.h; sourceTree = "<group>"; };
		5CA3D1E61832F9D1006C7932 /* LogInViewController.m */ = {isa = PBXFileReference; fileEncoding = 4; lastKnownFileType = sourcecode.c.objc; name = LogInViewController.m; path = ../LogInViewController.m; sourceTree = "<group>"; };
		5CA3D1EA18333D14006C7932 /* FacebookSDK.framework */ = {isa = PBXFileReference; lastKnownFileType = wrapper.framework; path = FacebookSDK.framework; sourceTree = "<group>"; };
		5CFB1EB51834355C0026AEB4 /* ScheduleViewController.h */ = {isa = PBXFileReference; fileEncoding = 4; lastKnownFileType = sourcecode.c.h; path = ScheduleViewController.h; sourceTree = "<group>"; };
		5CFB1EB61834355C0026AEB4 /* ScheduleViewController.m */ = {isa = PBXFileReference; fileEncoding = 4; lastKnownFileType = sourcecode.c.objc; path = ScheduleViewController.m; sourceTree = "<group>"; };
		5CFB1EB81834381C0026AEB4 /* ScheduleGenerator.h */ = {isa = PBXFileReference; fileEncoding = 4; lastKnownFileType = sourcecode.c.h; path = ScheduleGenerator.h; sourceTree = "<group>"; };
		5CFB1EB91834381C0026AEB4 /* ScheduleGenerator.m */ = {isa = PBXFileReference; fileEncoding = 4; lastKnownFileType = sourcecode.c.objc; path = ScheduleGenerator.m; sourceTree = "<group>"; };
/* End PBXFileReference section */

/* Begin PBXFrameworksBuildPhase section */
		5CA3D1841831DF51006C7932 /* Frameworks */ = {
			isa = PBXFrameworksBuildPhase;
			buildActionMask = 2147483647;
			files = (
				5CA3D1D51831E05D006C7932 /* SystemConfiguration.framework in Frameworks */,
				5CA3D1D31831E054006C7932 /* StoreKit.framework in Frameworks */,
				5CA3D1D11831E04C006C7932 /* Security.framework in Frameworks */,
				5CA3D1CF1831E045006C7932 /* QuartzCore.framework in Frameworks */,
				5CA3D1CD1831E039006C7932 /* MobileCoreServices.framework in Frameworks */,
				5CA3D1CB1831E02F006C7932 /* libz.1.1.3.dylib in Frameworks */,
				5CA3D1C91831E025006C7932 /* CoreLocation.framework in Frameworks */,
				5CA3D18D1831DF51006C7932 /* CoreGraphics.framework in Frameworks */,
				5CA3D1C71831E00E006C7932 /* CFNetwork.framework in Frameworks */,
				5CA3D1C51831E004006C7932 /* AudioToolbox.framework in Frameworks */,
				5CA3D18F1831DF51006C7932 /* UIKit.framework in Frameworks */,
				5CA3D1C31831DFCE006C7932 /* Parse.framework in Frameworks */,
				5CA3D18B1831DF51006C7932 /* Foundation.framework in Frameworks */,
				5CA3D1EB18333D14006C7932 /* FacebookSDK.framework in Frameworks */,
			);
			runOnlyForDeploymentPostprocessing = 0;
		};
		5CA3D1A81831DF51006C7932 /* Frameworks */ = {
			isa = PBXFrameworksBuildPhase;
			buildActionMask = 2147483647;
			files = (
				5CA3D1AD1831DF51006C7932 /* XCTest.framework in Frameworks */,
				5CA3D1AF1831DF51006C7932 /* UIKit.framework in Frameworks */,
				5CA3D1AE1831DF51006C7932 /* Foundation.framework in Frameworks */,
			);
			runOnlyForDeploymentPostprocessing = 0;
		};
/* End PBXFrameworksBuildPhase section */

/* Begin PBXGroup section */
		5CA3D17E1831DF51006C7932 = {
			isa = PBXGroup;
			children = (
				5CA3D1901831DF51006C7932 /* Iconic */,
				5CA3D1B21831DF51006C7932 /* IconicTests */,
				5CA3D1891831DF51006C7932 /* Frameworks */,
				5CA3D1881831DF51006C7932 /* Products */,
			);
			sourceTree = "<group>";
		};
		5CA3D1881831DF51006C7932 /* Products */ = {
			isa = PBXGroup;
			children = (
				5CA3D1871831DF51006C7932 /* Iconic.app */,
				5CA3D1AB1831DF51006C7932 /* IconicTests.xctest */,
			);
			name = Products;
			sourceTree = "<group>";
		};
		5CA3D1891831DF51006C7932 /* Frameworks */ = {
			isa = PBXGroup;
			children = (
				5CA3D1EA18333D14006C7932 /* FacebookSDK.framework */,
				5CA3D1D41831E05D006C7932 /* SystemConfiguration.framework */,
				5CA3D1D21831E054006C7932 /* StoreKit.framework */,
				5CA3D1D01831E04C006C7932 /* Security.framework */,
				5CA3D1CE1831E045006C7932 /* QuartzCore.framework */,
				5CA3D1CC1831E039006C7932 /* MobileCoreServices.framework */,
				5CA3D1CA1831E02F006C7932 /* libz.1.1.3.dylib */,
				5CA3D1C81831E025006C7932 /* CoreLocation.framework */,
				5CA3D1C61831E00E006C7932 /* CFNetwork.framework */,
				5CA3D1C41831E004006C7932 /* AudioToolbox.framework */,
				5CA3D1C21831DFCE006C7932 /* Parse.framework */,
				5CA3D18A1831DF51006C7932 /* Foundation.framework */,
				5CA3D18C1831DF51006C7932 /* CoreGraphics.framework */,
				5CA3D18E1831DF51006C7932 /* UIKit.framework */,
				5CA3D1AC1831DF51006C7932 /* XCTest.framework */,
			);
			name = Frameworks;
			sourceTree = "<group>";
		};
		5CA3D1901831DF51006C7932 /* Iconic */ = {
			isa = PBXGroup;
			children = (
				5CA3D1991831DF51006C7932 /* AppDelegate.h */,
				5CA3D19A1831DF51006C7932 /* AppDelegate.m */,
				5CA3D19C1831DF51006C7932 /* Main.storyboard */,
				5CFB1EB81834381C0026AEB4 /* ScheduleGenerator.h */,
				5CFB1EB91834381C0026AEB4 /* ScheduleGenerator.m */,
				5CFB1EB51834355C0026AEB4 /* ScheduleViewController.h */,
				5CFB1EB61834355C0026AEB4 /* ScheduleViewController.m */,
				5CA3D1E51832F9D1006C7932 /* LogInViewController.h */,
				5CA3D1E61832F9D1006C7932 /* LogInViewController.m */,
				5CA3D19F1831DF51006C7932 /* FirstViewController.h */,
				5CA3D1A01831DF51006C7932 /* FirstViewController.m */,
				5CA3D1A51831DF51006C7932 /* Images.xcassets */,
				5CA3D1911831DF51006C7932 /* Supporting Files */,
			);
			path = Iconic;
			sourceTree = "<group>";
		};
		5CA3D1911831DF51006C7932 /* Supporting Files */ = {
			isa = PBXGroup;
			children = (
				5CA3D1921831DF51006C7932 /* Iconic-Info.plist */,
				5CA3D1931831DF51006C7932 /* InfoPlist.strings */,
				5CA3D1961831DF51006C7932 /* main.m */,
				5CA3D1981831DF51006C7932 /* Iconic-Prefix.pch */,
			);
			name = "Supporting Files";
			sourceTree = "<group>";
		};
		5CA3D1B21831DF51006C7932 /* IconicTests */ = {
			isa = PBXGroup;
			children = (
				5CA3D1B81831DF51006C7932 /* IconicTests.m */,
				5CA3D1B31831DF51006C7932 /* Supporting Files */,
			);
			path = IconicTests;
			sourceTree = "<group>";
		};
		5CA3D1B31831DF51006C7932 /* Supporting Files */ = {
			isa = PBXGroup;
			children = (
				5CA3D1B41831DF51006C7932 /* IconicTests-Info.plist */,
				5CA3D1B51831DF51006C7932 /* InfoPlist.strings */,
			);
			name = "Supporting Files";
			sourceTree = "<group>";
		};
/* End PBXGroup section */

/* Begin PBXNativeTarget section */
		5CA3D1861831DF51006C7932 /* Iconic */ = {
			isa = PBXNativeTarget;
			buildConfigurationList = 5CA3D1BC1831DF51006C7932 /* Build configuration list for PBXNativeTarget "Iconic" */;
			buildPhases = (
				5CA3D1831831DF51006C7932 /* Sources */,
				5CA3D1841831DF51006C7932 /* Frameworks */,
				5CA3D1851831DF51006C7932 /* Resources */,
			);
			buildRules = (
			);
			dependencies = (
			);
			name = Iconic;
			productName = Iconic;
			productReference = 5CA3D1871831DF51006C7932 /* Iconic.app */;
			productType = "com.apple.product-type.application";
		};
		5CA3D1AA1831DF51006C7932 /* IconicTests */ = {
			isa = PBXNativeTarget;
			buildConfigurationList = 5CA3D1BF1831DF51006C7932 /* Build configuration list for PBXNativeTarget "IconicTests" */;
			buildPhases = (
				5CA3D1A71831DF51006C7932 /* Sources */,
				5CA3D1A81831DF51006C7932 /* Frameworks */,
				5CA3D1A91831DF51006C7932 /* Resources */,
			);
			buildRules = (
			);
			dependencies = (
				5CA3D1B11831DF51006C7932 /* PBXTargetDependency */,
			);
			name = IconicTests;
			productName = IconicTests;
			productReference = 5CA3D1AB1831DF51006C7932 /* IconicTests.xctest */;
			productType = "com.apple.product-type.bundle.unit-test";
		};
/* End PBXNativeTarget section */

/* Begin PBXProject section */
		5CA3D17F1831DF51006C7932 /* Project object */ = {
			isa = PBXProject;
			attributes = {
				LastUpgradeCheck = 0500;
				ORGANIZATIONNAME = Explorence;
				TargetAttributes = {
					5CA3D1AA1831DF51006C7932 = {
						TestTargetID = 5CA3D1861831DF51006C7932;
					};
				};
			};
			buildConfigurationList = 5CA3D1821831DF51006C7932 /* Build configuration list for PBXProject "Iconic" */;
			compatibilityVersion = "Xcode 3.2";
			developmentRegion = English;
			hasScannedForEncodings = 0;
			knownRegions = (
				en,
				Base,
			);
			mainGroup = 5CA3D17E1831DF51006C7932;
			productRefGroup = 5CA3D1881831DF51006C7932 /* Products */;
			projectDirPath = "";
			projectRoot = "";
			targets = (
				5CA3D1861831DF51006C7932 /* Iconic */,
				5CA3D1AA1831DF51006C7932 /* IconicTests */,
			);
		};
/* End PBXProject section */

/* Begin PBXResourcesBuildPhase section */
		5CA3D1851831DF51006C7932 /* Resources */ = {
			isa = PBXResourcesBuildPhase;
			buildActionMask = 2147483647;
			files = (
				5CA3D1A61831DF51006C7932 /* Images.xcassets in Resources */,
				5CA3D1951831DF51006C7932 /* InfoPlist.strings in Resources */,
				5CA3D19E1831DF51006C7932 /* Main.storyboard in Resources */,
			);
			runOnlyForDeploymentPostprocessing = 0;
		};
		5CA3D1A91831DF51006C7932 /* Resources */ = {
			isa = PBXResourcesBuildPhase;
			buildActionMask = 2147483647;
			files = (
				5CA3D1B71831DF51006C7932 /* InfoPlist.strings in Resources */,
			);
			runOnlyForDeploymentPostprocessing = 0;
		};
/* End PBXResourcesBuildPhase section */

/* Begin PBXSourcesBuildPhase section */
		5CA3D1831831DF51006C7932 /* Sources */ = {
			isa = PBXSourcesBuildPhase;
			buildActionMask = 2147483647;
			files = (
				5CFB1EB71834355C0026AEB4 /* ScheduleViewController.m in Sources */,
				5CFB1EBA1834381C0026AEB4 /* ScheduleGenerator.m in Sources */,
				5CA3D19B1831DF51006C7932 /* AppDelegate.m in Sources */,
				5CA3D1E71832F9D1006C7932 /* LogInViewController.m in Sources */,
				5CA3D1A11831DF51006C7932 /* FirstViewController.m in Sources */,
				5CA3D1971831DF51006C7932 /* main.m in Sources */,
			);
			runOnlyForDeploymentPostprocessing = 0;
		};
		5CA3D1A71831DF51006C7932 /* Sources */ = {
			isa = PBXSourcesBuildPhase;
			buildActionMask = 2147483647;
			files = (
				5CA3D1B91831DF51006C7932 /* IconicTests.m in Sources */,
			);
			runOnlyForDeploymentPostprocessing = 0;
		};
/* End PBXSourcesBuildPhase section */

/* Begin PBXTargetDependency section */
		5CA3D1B11831DF51006C7932 /* PBXTargetDependency */ = {
			isa = PBXTargetDependency;
			target = 5CA3D1861831DF51006C7932 /* Iconic */;
			targetProxy = 5CA3D1B01831DF51006C7932 /* PBXContainerItemProxy */;
		};
/* End PBXTargetDependency section */

/* Begin PBXVariantGroup section */
		5CA3D1931831DF51006C7932 /* InfoPlist.strings */ = {
			isa = PBXVariantGroup;
			children = (
				5CA3D1941831DF51006C7932 /* en */,
			);
			name = InfoPlist.strings;
			sourceTree = "<group>";
		};
		5CA3D19C1831DF51006C7932 /* Main.storyboard */ = {
			isa = PBXVariantGroup;
			children = (
				5CA3D19D1831DF51006C7932 /* Base */,
			);
			name = Main.storyboard;
			sourceTree = "<group>";
		};
		5CA3D1B51831DF51006C7932 /* InfoPlist.strings */ = {
			isa = PBXVariantGroup;
			children = (
				5CA3D1B61831DF51006C7932 /* en */,
			);
			name = InfoPlist.strings;
			sourceTree = "<group>";
		};
/* End PBXVariantGroup section */

/* Begin XCBuildConfiguration section */
		5CA3D1BA1831DF51006C7932 /* Debug */ = {
			isa = XCBuildConfiguration;
			buildSettings = {
				ALWAYS_SEARCH_USER_PATHS = NO;
				ARCHS = "$(ARCHS_STANDARD_INCLUDING_64_BIT)";
				CLANG_CXX_LANGUAGE_STANDARD = "gnu++0x";
				CLANG_CXX_LIBRARY = "libc++";
				CLANG_ENABLE_MODULES = YES;
				CLANG_ENABLE_OBJC_ARC = YES;
				CLANG_WARN_BOOL_CONVERSION = YES;
				CLANG_WARN_CONSTANT_CONVERSION = YES;
				CLANG_WARN_DIRECT_OBJC_ISA_USAGE = YES_ERROR;
				CLANG_WARN_EMPTY_BODY = YES;
				CLANG_WARN_ENUM_CONVERSION = YES;
				CLANG_WARN_INT_CONVERSION = YES;
				CLANG_WARN_OBJC_ROOT_CLASS = YES_ERROR;
				CLANG_WARN__DUPLICATE_METHOD_MATCH = YES;
				"CODE_SIGN_IDENTITY[sdk=iphoneos*]" = "iPhone Developer";
				COPY_PHASE_STRIP = NO;
				GCC_C_LANGUAGE_STANDARD = gnu99;
				GCC_DYNAMIC_NO_PIC = NO;
				GCC_OPTIMIZATION_LEVEL = 0;
				GCC_PREPROCESSOR_DEFINITIONS = (
					"DEBUG=1",
					"$(inherited)",
				);
				GCC_SYMBOLS_PRIVATE_EXTERN = NO;
				GCC_WARN_64_TO_32_BIT_CONVERSION = YES;
				GCC_WARN_ABOUT_RETURN_TYPE = YES_ERROR;
				GCC_WARN_UNDECLARED_SELECTOR = YES;
				GCC_WARN_UNINITIALIZED_AUTOS = YES;
				GCC_WARN_UNUSED_FUNCTION = YES;
				GCC_WARN_UNUSED_VARIABLE = YES;
				IPHONEOS_DEPLOYMENT_TARGET = 7.0;
				ONLY_ACTIVE_ARCH = YES;
				SDKROOT = iphoneos;
			};
			name = Debug;
		};
		5CA3D1BB1831DF51006C7932 /* Release */ = {
			isa = XCBuildConfiguration;
			buildSettings = {
				ALWAYS_SEARCH_USER_PATHS = NO;
				ARCHS = "$(ARCHS_STANDARD_INCLUDING_64_BIT)";
				CLANG_CXX_LANGUAGE_STANDARD = "gnu++0x";
				CLANG_CXX_LIBRARY = "libc++";
				CLANG_ENABLE_MODULES = YES;
				CLANG_ENABLE_OBJC_ARC = YES;
				CLANG_WARN_BOOL_CONVERSION = YES;
				CLANG_WARN_CONSTANT_CONVERSION = YES;
				CLANG_WARN_DIRECT_OBJC_ISA_USAGE = YES_ERROR;
				CLANG_WARN_EMPTY_BODY = YES;
				CLANG_WARN_ENUM_CONVERSION = YES;
				CLANG_WARN_INT_CONVERSION = YES;
				CLANG_WARN_OBJC_ROOT_CLASS = YES_ERROR;
				CLANG_WARN__DUPLICATE_METHOD_MATCH = YES;
				"CODE_SIGN_IDENTITY[sdk=iphoneos*]" = "iPhone Developer";
				COPY_PHASE_STRIP = YES;
				ENABLE_NS_ASSERTIONS = NO;
				GCC_C_LANGUAGE_STANDARD = gnu99;
				GCC_WARN_64_TO_32_BIT_CONVERSION = YES;
				GCC_WARN_ABOUT_RETURN_TYPE = YES_ERROR;
				GCC_WARN_UNDECLARED_SELECTOR = YES;
				GCC_WARN_UNINITIALIZED_AUTOS = YES;
				GCC_WARN_UNUSED_FUNCTION = YES;
				GCC_WARN_UNUSED_VARIABLE = YES;
				IPHONEOS_DEPLOYMENT_TARGET = 7.0;
				SDKROOT = iphoneos;
				VALIDATE_PRODUCT = YES;
			};
			name = Release;
		};
		5CA3D1BD1831DF51006C7932 /* Debug */ = {
			isa = XCBuildConfiguration;
			buildSettings = {
				ASSETCATALOG_COMPILER_APPICON_NAME = AppIcon;
				ASSETCATALOG_COMPILER_LAUNCHIMAGE_NAME = LaunchImage;
				FRAMEWORK_SEARCH_PATHS = (
					"$(inherited)",
					"$(SRCROOT)",
					/Users/msadmin/iOS/IconicBuilds/Iconic,
				);
				GCC_PRECOMPILE_PREFIX_HEADER = YES;
				GCC_PREFIX_HEADER = "Iconic/Iconic-Prefix.pch";
				INFOPLIST_FILE = "Iconic/Iconic-Info.plist";
				PRODUCT_NAME = "$(TARGET_NAME)";
				WRAPPER_EXTENSION = app;
			};
			name = Debug;
		};
		5CA3D1BE1831DF51006C7932 /* Release */ = {
			isa = XCBuildConfiguration;
			buildSettings = {
				ASSETCATALOG_COMPILER_APPICON_NAME = AppIcon;
				ASSETCATALOG_COMPILER_LAUNCHIMAGE_NAME = LaunchImage;
				FRAMEWORK_SEARCH_PATHS = (
					"$(inherited)",
					"$(SRCROOT)",
					/Users/msadmin/iOS/IconicBuilds/Iconic,
				);
				GCC_PRECOMPILE_PREFIX_HEADER = YES;
				GCC_PREFIX_HEADER = "Iconic/Iconic-Prefix.pch";
				INFOPLIST_FILE = "Iconic/Iconic-Info.plist";
				PRODUCT_NAME = "$(TARGET_NAME)";
				WRAPPER_EXTENSION = app;
			};
			name = Release;
		};
		5CA3D1C01831DF51006C7932 /* Debug */ = {
			isa = XCBuildConfiguration;
			buildSettings = {
				ARCHS = "$(ARCHS_STANDARD_INCLUDING_64_BIT)";
				BUNDLE_LOADER = "$(BUILT_PRODUCTS_DIR)/Iconic.app/Iconic";
				FRAMEWORK_SEARCH_PATHS = (
					"$(SDKROOT)/Developer/Library/Frameworks",
					"$(inherited)",
					"$(DEVELOPER_FRAMEWORKS_DIR)",
				);
				GCC_PRECOMPILE_PREFIX_HEADER = YES;
				GCC_PREFIX_HEADER = "Iconic/Iconic-Prefix.pch";
				GCC_PREPROCESSOR_DEFINITIONS = (
					"DEBUG=1",
					"$(inherited)",
				);
				INFOPLIST_FILE = "IconicTests/IconicTests-Info.plist";
				PRODUCT_NAME = "$(TARGET_NAME)";
				TEST_HOST = "$(BUNDLE_LOADER)";
				WRAPPER_EXTENSION = xctest;
			};
			name = Debug;
		};
		5CA3D1C11831DF51006C7932 /* Release */ = {
			isa = XCBuildConfiguration;
			buildSettings = {
				ARCHS = "$(ARCHS_STANDARD_INCLUDING_64_BIT)";
				BUNDLE_LOADER = "$(BUILT_PRODUCTS_DIR)/Iconic.app/Iconic";
				FRAMEWORK_SEARCH_PATHS = (
					"$(SDKROOT)/Developer/Library/Frameworks",
					"$(inherited)",
					"$(DEVELOPER_FRAMEWORKS_DIR)",
				);
				GCC_PRECOMPILE_PREFIX_HEADER = YES;
				GCC_PREFIX_HEADER = "Iconic/Iconic-Prefix.pch";
				INFOPLIST_FILE = "IconicTests/IconicTests-Info.plist";
				PRODUCT_NAME = "$(TARGET_NAME)";
				TEST_HOST = "$(BUNDLE_LOADER)";
				WRAPPER_EXTENSION = xctest;
			};
			name = Release;
		};
/* End XCBuildConfiguration section */

/* Begin XCConfigurationList section */
		5CA3D1821831DF51006C7932 /* Build configuration list for PBXProject "Iconic" */ = {
			isa = XCConfigurationList;
			buildConfigurations = (
				5CA3D1BA1831DF51006C7932 /* Debug */,
				5CA3D1BB1831DF51006C7932 /* Release */,
			);
			defaultConfigurationIsVisible = 0;
			defaultConfigurationName = Release;
		};
		5CA3D1BC1831DF51006C7932 /* Build configuration list for PBXNativeTarget "Iconic" */ = {
			isa = XCConfigurationList;
			buildConfigurations = (
				5CA3D1BD1831DF51006C7932 /* Debug */,
				5CA3D1BE1831DF51006C7932 /* Release */,
			);
			defaultConfigurationIsVisible = 0;
			defaultConfigurationName = Release;
		};
		5CA3D1BF1831DF51006C7932 /* Build configuration list for PBXNativeTarget "IconicTests" */ = {
			isa = XCConfigurationList;
			buildConfigurations = (
				5CA3D1C01831DF51006C7932 /* Debug */,
				5CA3D1C11831DF51006C7932 /* Release */,
			);
			defaultConfigurationIsVisible = 0;
			defaultConfigurationName = Release;
		};
/* End XCConfigurationList section */
	};
	rootObject = 5CA3D17F1831DF51006C7932 /* Project object */;
}
